
Microsoft Visual Studio Solution File, Format Version 12.00
# Visual Studio Version 16
VisualStudioVersion = 16.0.30406.217
MinimumVisualStudioVersion = 10.0.40219.1
Project("{FAE04EC0-301F-11D3-BF4B-00C04F79EFBC}") = "ApplicationAssembledNet", "ApplicationAssembledNet\ApplicationAssembledNet.csproj", "{D9285E5C-EF75-48C5-BE0C-B9452A2584F3}"
EndProject
Project("{FAE04EC0-301F-11D3-BF4B-00C04F79EFBC}") = "SecondLayer", "SecondLayer\SecondLayer.csproj", "{470E38A2-566D-446F-912C-3F45832D256F}"
EndProject
Global
	GlobalSection(SolutionConfigurationPlatforms) = preSolution
		Debug|Any CPU = Debug|Any CPU
		Release|Any CPU = Release|Any CPU
	EndGlobalSection
	GlobalSection(ProjectConfigurationPlatforms) = postSolution
		{D9285E5C-EF75-48C5-BE0C-B9452A2584F3}.Debug|Any CPU.ActiveCfg = Debug|Any CPU
		{D9285E5C-EF75-48C5-BE0C-B9452A2584F3}.Debug|Any CPU.Build.0 = Debug|Any CPU
		{D9285E5C-EF75-48C5-BE0C-B9452A2584F3}.Release|Any CPU.ActiveCfg = Release|Any CPU
		{D9285E5C-EF75-48C5-BE0C-B9452A2584F3}.Release|Any CPU.Build.0 = Release|Any CPU
		{470E38A2-566D-446F-912C-3F45832D256F}.Debug|Any CPU.ActiveCfg = Debug|Any CPU
		{470E38A2-566D-446F-912C-3F45832D256F}.Debug|Any CPU.Build.0 = Debug|Any CPU
		{470E38A2-566D-446F-912C-3F45832D256F}.Release|Any CPU.ActiveCfg = Release|Any CPU
		{470E38A2-566D-446F-912C-3F45832D256F}.Release|Any CPU.Build.0 = Release|Any CPU
	EndGlobalSection
	GlobalSection(SolutionProperties) = preSolution
		HideSolutionNode = FALSE
	EndGlobalSection
	GlobalSection(ExtensibilityGlobals) = postSolution
		SolutionGuid = {436886BF-898C-4014-A248-075B6AF4466B}
	EndGlobalSection
EndGlobal
