
Microsoft Visual Studio Solution File, Format Version 12.00
# Visual Studio Version 16
VisualStudioVersion = 16.0.30330.147
MinimumVisualStudioVersion = 10.0.40219.1
Project("{FAE04EC0-301F-11D3-BF4B-00C04F79EFBC}") = "FirstConsole", "FirstConsole\FirstConsole.csproj", "{61028138-6F33-41BD-A5B4-FEEA023F3860}"
EndProject
Project("{FAE04EC0-301F-11D3-BF4B-00C04F79EFBC}") = "BuisnessLayer", "BuisnessLayer\BuisnessLayer.csproj", "{09821FF3-560B-4597-8934-8A96F4CE3834}"
EndProject
Global
	GlobalSection(SolutionConfigurationPlatforms) = preSolution
		Debug|Any CPU = Debug|Any CPU
		Release|Any CPU = Release|Any CPU
	EndGlobalSection
	GlobalSection(ProjectConfigurationPlatforms) = postSolution
		{61028138-6F33-41BD-A5B4-FEEA023F3860}.Debug|Any CPU.ActiveCfg = Debug|Any CPU
		{61028138-6F33-41BD-A5B4-FEEA023F3860}.Debug|Any CPU.Build.0 = Debug|Any CPU
		{61028138-6F33-41BD-A5B4-FEEA023F3860}.Release|Any CPU.ActiveCfg = Release|Any CPU
		{61028138-6F33-41BD-A5B4-FEEA023F3860}.Release|Any CPU.Build.0 = Release|Any CPU
		{09821FF3-560B-4597-8934-8A96F4CE3834}.Debug|Any CPU.ActiveCfg = Debug|Any CPU
		{09821FF3-560B-4597-8934-8A96F4CE3834}.Debug|Any CPU.Build.0 = Debug|Any CPU
		{09821FF3-560B-4597-8934-8A96F4CE3834}.Release|Any CPU.ActiveCfg = Release|Any CPU
		{09821FF3-560B-4597-8934-8A96F4CE3834}.Release|Any CPU.Build.0 = Release|Any CPU
	EndGlobalSection
	GlobalSection(SolutionProperties) = preSolution
		HideSolutionNode = FALSE
	EndGlobalSection
	GlobalSection(ExtensibilityGlobals) = postSolution
		SolutionGuid = {6DA6F078-7124-410D-853C-D5A09A6CEC5D}
	EndGlobalSection
EndGlobal
