
Microsoft Visual Studio Solution File, Format Version 12.00
# Visual Studio Version 16
VisualStudioVersion = 16.0.30330.147
MinimumVisualStudioVersion = 10.0.40219.1
Project("{FAE04EC0-301F-11D3-BF4B-00C04F79EFBC}") = "Lab1", "Lab1\Lab1.csproj", "{AE42B277-64BA-4655-BC6B-F4B4DD7DB3BB}"
EndProject
Global
	GlobalSection(SolutionConfigurationPlatforms) = preSolution
		Debug|Any CPU = Debug|Any CPU
		Release|Any CPU = Release|Any CPU
	EndGlobalSection
	GlobalSection(ProjectConfigurationPlatforms) = postSolution
		{AE42B277-64BA-4655-BC6B-F4B4DD7DB3BB}.Debug|Any CPU.ActiveCfg = Debug|Any CPU
		{AE42B277-64BA-4655-BC6B-F4B4DD7DB3BB}.Debug|Any CPU.Build.0 = Debug|Any CPU
		{AE42B277-64BA-4655-BC6B-F4B4DD7DB3BB}.Release|Any CPU.ActiveCfg = Release|Any CPU
		{AE42B277-64BA-4655-BC6B-F4B4DD7DB3BB}.Release|Any CPU.Build.0 = Release|Any CPU
	EndGlobalSection
	GlobalSection(SolutionProperties) = preSolution
		HideSolutionNode = FALSE
	EndGlobalSection
	GlobalSection(ExtensibilityGlobals) = postSolution
		SolutionGuid = {FC323F6E-DE09-4510-9733-0109CCAB9173}
	EndGlobalSection
EndGlobal
